{
  "name": "tens-of-roblox",
  "version": "1.0.0",
  "lockfileVersion": 3,
  "requires": true,
  "packages": {
    "": {
      "name": "tens-of-roblox",
      "version": "1.0.0",
      "license": "ISC",
      "dependencies": {
        "@quenty/camera": "^11.0.0",
        "@quenty/loader": "^7.3.0",
        "@quenty/servicebag": "^8.0.0",
        "@quenty/spring": "^7.2.0"
      }
    },
    "node_modules/@quenty/acceltween": {
      "version": "2.3.0",
      "resolved": "https://registry.npmjs.org/@quenty/acceltween/-/acceltween-2.3.0.tgz",
      "integrity": "sha512-M0nfzA80sYSKdU4ytW5qSzZruyrdJej1k0skv9c/J3lpyABBnA9osCdr6I59l4vHGTMYPJCZjpz76IoDlNyyQg==",
      "funding": {
        "type": "patreon",
        "url": "https://www.patreon.com/quenty"
      }
    },
    "node_modules/@quenty/baseobject": {
      "version": "7.2.0",
      "resolved": "https://registry.npmjs.org/@quenty/baseobject/-/baseobject-7.2.0.tgz",
      "integrity": "sha512-VDhCuSlSqCLO41aGK0JbHcEdSHvNaYcK5unyasO4lxyciGOu/qC9rGGQ69CZYYL2YtQwpeOS2vAoGSZ8X4FWWw==",
      "dependencies": {
        "@quenty/loader": "^7.3.0",
        "@quenty/maid": "^2.6.0"
      },
      "funding": {
        "type": "patreon",
        "url": "https://www.patreon.com/quenty"
      }
    },
    "node_modules/@quenty/binarysearch": {
      "version": "2.1.1",
      "resolved": "https://registry.npmjs.org/@quenty/binarysearch/-/binarysearch-2.1.1.tgz",
      "integrity": "sha512-7p8mN3uh0lpID5Mv7vwpvw+Zmz+BfPQ4TbvPVL+jIB8+Q+doCFq2oagqmo6wx0vqe5fhaFTjKV+gG6/4DvuEQg==",
      "funding": {
        "type": "patreon",
        "url": "https://www.patreon.com/quenty"
      }
    },
    "node_modules/@quenty/camera": {
      "version": "11.0.0",
      "resolved": "https://registry.npmjs.org/@quenty/camera/-/camera-11.0.0.tgz",
      "integrity": "sha512-jL4tdjvwwSPOtaJOVGLAIsvPCb/hPHunSFZXi1kfv1zwCy4k0zJpdLYDtLkPeiTtlvFfpHCkYys/XBeXf0YxLg==",
      "dependencies": {
        "@quenty/acceltween": "^2.3.0",
        "@quenty/baseobject": "^7.2.0",
        "@quenty/cframeutils": "^5.4.0",
        "@quenty/cubicspline": "^7.2.0",
        "@quenty/inputobjectutils": "^4.1.0",
        "@quenty/loader": "^7.3.0",
        "@quenty/maid": "^2.6.0",
        "@quenty/math": "^2.5.0",
        "@quenty/qframe": "^7.2.0",
        "@quenty/servicebag": "^8.0.0",
        "@quenty/spring": "^7.2.0",
        "@quenty/vector3utils": "^7.2.0"
      },
      "funding": {
        "type": "patreon",
        "url": "https://www.patreon.com/quenty"
      }
    },
    "node_modules/@quenty/cframeutils": {
      "version": "5.4.0",
      "resolved": "https://registry.npmjs.org/@quenty/cframeutils/-/cframeutils-5.4.0.tgz",
      "integrity": "sha512-x/vmeyVqDNeDfvsHJu3VKg8+GL1bfQhfUgPd6KiOjzR8dQe4geebuAzZtg56DruyU7OSUEQ+oir9ZAOFi3aa3g==",
      "funding": {
        "type": "patreon",
        "url": "https://www.patreon.com/quenty"
      }
    },
    "node_modules/@quenty/cubicspline": {
      "version": "7.2.0",
      "resolved": "https://registry.npmjs.org/@quenty/cubicspline/-/cubicspline-7.2.0.tgz",
      "integrity": "sha512-GCxqhkbTmtHtSpSvw46rz/UgpGpAokOTybbdlyaKG82wB6KIjI3FnZw2rsgxte0mj57iQkqnIhDYc3/Ffg/y7Q==",
      "dependencies": {
        "@quenty/binarysearch": "^2.1.1",
        "@quenty/linearsystemssolver": "^2.1.0",
        "@quenty/loader": "^7.2.0"
      },
      "funding": {
        "type": "patreon",
        "url": "https://www.patreon.com/quenty"
      }
    },
    "node_modules/@quenty/inputobjectutils": {
      "version": "4.1.0",
      "resolved": "https://registry.npmjs.org/@quenty/inputobjectutils/-/inputobjectutils-4.1.0.tgz",
      "integrity": "sha512-msxQlpw9AbSNq3dBwLaB0H+v86S0FapG4Liblk8scn9A7V5icOSsgcJi4gsiMfBI6zUsAofNAffxyypbKhWdqw==",
      "funding": {
        "type": "patreon",
        "url": "https://www.patreon.com/quenty"
      }
    },
    "node_modules/@quenty/linearsystemssolver": {
      "version": "2.1.0",
      "resolved": "https://registry.npmjs.org/@quenty/linearsystemssolver/-/linearsystemssolver-2.1.0.tgz",
      "integrity": "sha512-tirYKa0CaseFa7Yd9nP9OXntVJDLzPo2u8LjSDIacbtrro3RN7L/DHCtSx5SWQ5xCUBaQRh/GIJTkoCVEzBhGQ==",
      "funding": {
        "type": "patreon",
        "url": "https://www.patreon.com/quenty"
      }
    },
    "node_modules/@quenty/loader": {
      "version": "7.3.0",
      "resolved": "https://registry.npmjs.org/@quenty/loader/-/loader-7.3.0.tgz",
      "integrity": "sha512-uJ2XBKvLabh9Km2C6fahAHTG1AH6qVhNnYHm5X3y9Ozb7V4OXO0rlAVw/+5FZCbQMIYE2IZ93blcJ2EftlnsyQ==",
      "funding": {
        "type": "patreon",
        "url": "https://www.patreon.com/quenty"
      }
    },
    "node_modules/@quenty/maid": {
      "version": "2.6.0",
      "resolved": "https://registry.npmjs.org/@quenty/maid/-/maid-2.6.0.tgz",
      "integrity": "sha512-rIo3S55ZsEmzDIXklh+mSzBEbw3GxhkTUDjsN5oNmhAOWsVYcPOVdq87l/KYMmY5gX44mW3a/gUdxYay5mD+6A==",
      "funding": {
        "type": "patreon",
        "url": "https://www.patreon.com/quenty"
      }
    },
    "node_modules/@quenty/math": {
      "version": "2.5.0",
      "resolved": "https://registry.npmjs.org/@quenty/math/-/math-2.5.0.tgz",
      "integrity": "sha512-giffN11w9xyFupXut9rk3sRgvBiOKk4nmboOOj0LCJOzAhq8hg4572mEB4J98Ju2HfZfBxc3IPyGglNduGPQsQ==",
      "funding": {
        "type": "patreon",
        "url": "https://www.patreon.com/quenty"
      }
    },
    "node_modules/@quenty/qframe": {
      "version": "7.2.0",
      "resolved": "https://registry.npmjs.org/@quenty/qframe/-/qframe-7.2.0.tgz",
      "integrity": "sha512-OAoiz2qgVVxNcjvwl9XB+DqUQz5pe2qlaZNzV0BVg11r9VcJGKozZr2ytVp7j4draRI5gZFYw/sXYws55DUn3w==",
      "dependencies": {
        "@quenty/loader": "^7.3.0"
      },
      "funding": {
        "type": "patreon",
        "url": "https://www.patreon.com/quenty"
      }
    },
    "node_modules/@quenty/servicebag": {
      "version": "8.0.0",
      "resolved": "https://registry.npmjs.org/@quenty/servicebag/-/servicebag-8.0.0.tgz",
      "integrity": "sha512-UYJC/apll3d3bnBOYrPQNzIyiEb8pnTCONu8RvgGIgXBYT3jQrroW2Uwob8jpfB0F743ooiaFZMm8UNBepjMOA==",
      "dependencies": {
        "@quenty/baseobject": "^7.2.0",
        "@quenty/loader": "^7.3.0",
        "@quenty/signal": "^4.0.0"
      },
      "funding": {
        "type": "patreon",
        "url": "https://www.patreon.com/quenty"
      }
    },
    "node_modules/@quenty/signal": {
      "version": "4.0.0",
      "resolved": "https://registry.npmjs.org/@quenty/signal/-/signal-4.0.0.tgz",
      "integrity": "sha512-XJGvYNmZqu1WYECYrg1px+QnrhrajRhIVNUZubiN5vGgxwyJ/Ny4bU1RshvoxC5jMcAYIjNj6VdJCIu9ronCxg==",
      "dependencies": {
        "@quenty/loader": "^7.3.0"
      },
      "funding": {
        "type": "patreon",
        "url": "https://www.patreon.com/quenty"
      }
    },
    "node_modules/@quenty/spring": {
      "version": "7.2.0",
      "resolved": "https://registry.npmjs.org/@quenty/spring/-/spring-7.2.0.tgz",
      "integrity": "sha512-JkAPK6Kq+x8aKb35W1GwqIAYbgbLs22JkhFC495cYbfvUFcCHAw2untAx3AwBJiHgN9SysGEqHxlXGdXCEq7fQ==",
      "dependencies": {
        "@quenty/loader": "^7.3.0"
      },
      "funding": {
        "type": "patreon",
        "url": "https://www.patreon.com/quenty"
      }
    },
    "node_modules/@quenty/vector3utils": {
      "version": "7.2.0",
      "resolved": "https://registry.npmjs.org/@quenty/vector3utils/-/vector3utils-7.2.0.tgz",
      "integrity": "sha512-tWVV0wGzyTDkLtSs355zLIqXz0qKwuesQSSujBRtii+87KXqclsRaU7BHrNYhBpL5ibWC65qR0DNu2Fe2vamvA==",
      "dependencies": {
        "@quenty/loader": "^7.3.0",
        "@quenty/math": "^2.5.0"
      },
      "funding": {
        "type": "patreon",
        "url": "https://www.patreon.com/quenty"
      }
    }
  }
}
