{
  "name": "tens-of-roblox",
  "version": "1.0.0",
  "lockfileVersion": 3,
  "requires": true,
  "packages": {
    "": {
      "name": "tens-of-roblox",
      "version": "1.0.0",
      "license": "ISC",
      "dependencies": {
        "@quenty/loader": "^7.3.0",
        "@quenty/spring": "^7.2.0"
      }
    },
    "node_modules/@quenty/loader": {
      "version": "7.3.0",
      "resolved": "https://registry.npmjs.org/@quenty/loader/-/loader-7.3.0.tgz",
      "integrity": "sha512-uJ2XBKvLabh9Km2C6fahAHTG1AH6qVhNnYHm5X3y9Ozb7V4OXO0rlAVw/+5FZCbQMIYE2IZ93blcJ2EftlnsyQ==",
      "funding": {
        "type": "patreon",
        "url": "https://www.patreon.com/quenty"
      }
    },
    "node_modules/@quenty/spring": {
      "version": "7.2.0",
      "resolved": "https://registry.npmjs.org/@quenty/spring/-/spring-7.2.0.tgz",
      "integrity": "sha512-JkAPK6Kq+x8aKb35W1GwqIAYbgbLs22JkhFC495cYbfvUFcCHAw2untAx3AwBJiHgN9SysGEqHxlXGdXCEq7fQ==",
      "dependencies": {
        "@quenty/loader": "^7.3.0"
      },
      "funding": {
        "type": "patreon",
        "url": "https://www.patreon.com/quenty"
      }
    }
  }
}
